
Microsoft Visual Studio Solution File, Format Version 12.00
# Visual Studio Version 16
VisualStudioVersion = 16.0.29424.173
MinimumVisualStudioVersion = 10.0.40219.1
Project("{FAE04EC0-301F-11D3-BF4B-00C04F79EFBC}") = "Convertor-de-baze", "Convertor-de-baze\Convertor-de-baze.csproj", "{211E023B-DB81-46B2-9486-8716B9661BD4}"
EndProject
Global
	GlobalSection(SolutionConfigurationPlatforms) = preSolution
		Debug|Any CPU = Debug|Any CPU
		Release|Any CPU = Release|Any CPU
	EndGlobalSection
	GlobalSection(ProjectConfigurationPlatforms) = postSolution
		{211E023B-DB81-46B2-9486-8716B9661BD4}.Debug|Any CPU.ActiveCfg = Debug|Any CPU
		{211E023B-DB81-46B2-9486-8716B9661BD4}.Debug|Any CPU.Build.0 = Debug|Any CPU
		{211E023B-DB81-46B2-9486-8716B9661BD4}.Release|Any CPU.ActiveCfg = Release|Any CPU
		{211E023B-DB81-46B2-9486-8716B9661BD4}.Release|Any CPU.Build.0 = Release|Any CPU
	EndGlobalSection
	GlobalSection(SolutionProperties) = preSolution
		HideSolutionNode = FALSE
	EndGlobalSection
	GlobalSection(ExtensibilityGlobals) = postSolution
		SolutionGuid = {5F495894-807A-45DD-96ED-B859B66EA2D4}
	EndGlobalSection
EndGlobal
